# This file was autogenerated by Stack.
# You should not edit this file by hand.
# For more information, please see the documentation at:
#   https://docs.haskellstack.org/en/stable/lock_files

packages:
- completed:
    size: 15389
    url: https://github.com/amcknight/geo2d/archive/add091d2290b9fb1f7b4b59d8cfa283f4bf14f93.tar.gz
    name: geo2d
    version: 0.0.1
    sha256: c86c014fe02401dbae7d6e5257ee240f956c2a405b0f92969793dbfd112a1f2f
    pantry-tree:
      size: 1931
      sha256: 7d91622fa7b9f00f6a8f9c8622fd3ee338316f7a94b2f3edeac4a6fbb6869fbc
  original:
    url: https://github.com/amcknight/geo2d/archive/add091d2290b9fb1f7b4b59d8cfa283f4bf14f93.tar.gz
snapshots:
- completed:
    size: 590102
    url: https://raw.githubusercontent.com/commercialhaskell/stackage-snapshots/master/lts/18/27.yaml
    sha256: 79a786674930a89301b0e908fad2822a48882f3d01486117693c377b8edffdbe
  original: lts-18.27
