# This file was autogenerated by Stack.
# You should not edit this file by hand.
# For more information, please see the documentation at:
#   https://docs.haskellstack.org/en/stable/lock_files

packages:
- completed:
    name: geo2d
    version: 0.0.1
    git: https://github.com/amcknight/geo2d
    pantry-tree:
      size: 1931
      sha256: 7d91622fa7b9f00f6a8f9c8622fd3ee338316f7a94b2f3edeac4a6fbb6869fbc
    commit: add091d2290b9fb1f7b4b59d8cfa283f4bf14f93
  original:
    git: https://github.com/amcknight/geo2d
    commit: add091d2290b9fb1f7b4b59d8cfa283f4bf14f93
snapshots:
- completed:
    size: 590102
    url: https://raw.githubusercontent.com/commercialhaskell/stackage-snapshots/master/lts/18/27.yaml
    sha256: 79a786674930a89301b0e908fad2822a48882f3d01486117693c377b8edffdbe
  original: lts-18.27
